
Microsoft Visual Studio Solution File, Format Version 12.00
# Visual Studio Version 17
VisualStudioVersion = 17.8.34330.188
MinimumVisualStudioVersion = 10.0.40219.1
Project("{FAE04EC0-301F-11D3-BF4B-00C04F79EFBC}") = "Short_It", "Short_It\Short_It.csproj", "{1C9736E9-6F6A-45F8-A1D2-391FB0878294}"
EndProject
Global
	GlobalSection(SolutionConfigurationPlatforms) = preSolution
		Debug|Any CPU = Debug|Any CPU
		Release|Any CPU = Release|Any CPU
	EndGlobalSection
	GlobalSection(ProjectConfigurationPlatforms) = postSolution
		{1C9736E9-6F6A-45F8-A1D2-391FB0878294}.Debug|Any CPU.ActiveCfg = Debug|Any CPU
		{1C9736E9-6F6A-45F8-A1D2-391FB0878294}.Debug|Any CPU.Build.0 = Debug|Any CPU
		{1C9736E9-6F6A-45F8-A1D2-391FB0878294}.Release|Any CPU.ActiveCfg = Release|Any CPU
		{1C9736E9-6F6A-45F8-A1D2-391FB0878294}.Release|Any CPU.Build.0 = Release|Any CPU
	EndGlobalSection
	GlobalSection(SolutionProperties) = preSolution
		HideSolutionNode = FALSE
	EndGlobalSection
	GlobalSection(ExtensibilityGlobals) = postSolution
		SolutionGuid = {87B7A1D5-D510-4808-AA32-178F7471F076}
	EndGlobalSection
EndGlobal
